
Microsoft Visual Studio Solution File, Format Version 12.00
# Visual Studio Version 16
VisualStudioVersion = 16.0.30204.135
MinimumVisualStudioVersion = 10.0.40219.1
Project("{FAE04EC0-301F-11D3-BF4B-00C04F79EFBC}") = "FinancialWeb.Api", "Api\FinancialWeb.Api.csproj", "{71A43C59-4F8E-4ED7-836B-C7A87262A49A}"
EndProject
Global
	GlobalSection(SolutionConfigurationPlatforms) = preSolution
		Debug|Any CPU = Debug|Any CPU
		Release|Any CPU = Release|Any CPU
	EndGlobalSection
	GlobalSection(ProjectConfigurationPlatforms) = postSolution
		{71A43C59-4F8E-4ED7-836B-C7A87262A49A}.Debug|Any CPU.ActiveCfg = Debug|Any CPU
		{71A43C59-4F8E-4ED7-836B-C7A87262A49A}.Debug|Any CPU.Build.0 = Debug|Any CPU
		{71A43C59-4F8E-4ED7-836B-C7A87262A49A}.Release|Any CPU.ActiveCfg = Release|Any CPU
		{71A43C59-4F8E-4ED7-836B-C7A87262A49A}.Release|Any CPU.Build.0 = Release|Any CPU
	EndGlobalSection
	GlobalSection(SolutionProperties) = preSolution
		HideSolutionNode = FALSE
	EndGlobalSection
	GlobalSection(ExtensibilityGlobals) = postSolution
		SolutionGuid = {17EC9C54-BF34-4D7B-87AA-2272759A4DBA}
	EndGlobalSection
EndGlobal
